{
  "name": "img_rec",
  "version": "1.0.0",
  "lockfileVersion": 1,
  "dependencies": {
    "vecto": {
      "version": "0.5.4",
      "resolved": "https://registry.npmjs.org/vecto/-/vecto-0.5.4.tgz",
      "integrity": "sha512-4jM8QJz+DuVGQt8mpiZtB+gqfo9BL7TwZbCOeBf81FeQSrohiWdThsHqo8JjRzEU1umSwp5s+Or68dTr5wF/Fg=="
    }
  }
}
